
Microsoft Visual Studio Solution File, Format Version 12.00
# Visual Studio Version 17
VisualStudioVersion = 17.5.002.0
MinimumVisualStudioVersion = 10.0.40219.1
Project("{9A19103F-16F7-4668-BE54-9A1E7A4F7556}") = "moment 1.2", "moment 1.2.csproj", "{B33C6462-9E96-48BA-94AE-8B1EAEFC8939}"
EndProject
Global
	GlobalSection(SolutionConfigurationPlatforms) = preSolution
		Debug|Any CPU = Debug|Any CPU
		Release|Any CPU = Release|Any CPU
	EndGlobalSection
	GlobalSection(ProjectConfigurationPlatforms) = postSolution
		{B33C6462-9E96-48BA-94AE-8B1EAEFC8939}.Debug|Any CPU.ActiveCfg = Debug|Any CPU
		{B33C6462-9E96-48BA-94AE-8B1EAEFC8939}.Debug|Any CPU.Build.0 = Debug|Any CPU
		{B33C6462-9E96-48BA-94AE-8B1EAEFC8939}.Release|Any CPU.ActiveCfg = Release|Any CPU
		{B33C6462-9E96-48BA-94AE-8B1EAEFC8939}.Release|Any CPU.Build.0 = Release|Any CPU
	EndGlobalSection
	GlobalSection(SolutionProperties) = preSolution
		HideSolutionNode = FALSE
	EndGlobalSection
	GlobalSection(ExtensibilityGlobals) = postSolution
		SolutionGuid = {E68B89F9-39BD-4451-A139-37A67D593AA5}
	EndGlobalSection
EndGlobal
